<?xml version="1.0" encoding="utf-8"?>
<Project ToolsVersion="4.0" xmlns="http://schemas.microsoft.com/developer/msbuild/2003">
  <ItemGroup>
    <Filter Include="源文件">
      <UniqueIdentifier>{4FC737F1-C7A5-4376-A066-2A32D752A2FF}</UniqueIdentifier>
      <Extensions>cpp;c;cc;cxx;def;odl;idl;hpj;bat;asm;asmx</Extensions>
    </Filter>
    <Filter Include="头文件">
      <UniqueIdentifier>{93995380-89BD-4b04-88EB-625FBE52EBFB}</UniqueIdentifier>
      <Extensions>h;hh;hpp;hxx;hm;inl;inc;ipp;xsd</Extensions>
    </Filter>
    <Filter Include="资源文件">
      <UniqueIdentifier>{67DA6AB6-F800-4c08-8B7A-83BB121AAD01}</UniqueIdentifier>
      <Extensions>rc;ico;cur;bmp;dlg;rc2;rct;bin;rgs;gif;jpg;jpeg;jpe;resx;tiff;tif;png;wav;mfcribbon-ms</Extensions>
    </Filter>
  </ItemGroup>
  <ItemGroup>
    <ClCompile Include="ApproxPoly.cpp">
      <Filter>源文件</Filter>
    </ClCompile>
    <ClCompile Include="Main.cpp">
      <Filter>源文件</Filter>
    </ClCompile>
    <ClCompile Include="LineFunctons.cpp">
      <Filter>源文件</Filter>
    </ClCompile>
    <ClCompile Include="TransfromImg.cpp">
      <Filter>源文件</Filter>
    </ClCompile>
    <ClCompile Include="JointImg.cpp">
      <Filter>源文件</Filter>
    </ClCompile>
    <ClCompile Include="MatchImg.cpp">
      <Filter>源文件</Filter>
    </ClCompile>
    <ClCompile Include="DetectTarget.cpp">
      <Filter>源文件</Filter>
    </ClCompile>
    <ClCompile Include="ImgPrime.cpp">
      <Filter>源文件</Filter>
    </ClCompile>
    <ClCompile Include="InitImg.cpp">
      <Filter>源文件</Filter>
    </ClCompile>
  </ItemGroup>
  <ItemGroup>
    <ClInclude Include="header.h">
      <Filter>头文件</Filter>
    </ClInclude>
  </ItemGroup>
  <ItemGroup>
    <Image Include="data\1.png">
      <Filter>资源文件</Filter>
    </Image>
    <Image Include="data\2.png">
      <Filter>资源文件</Filter>
    </Image>
    <Image Include="data\3.png">
      <Filter>资源文件</Filter>
    </Image>
    <Image Include="data\4.png">
      <Filter>资源文件</Filter>
    </Image>
    <Image Include="data\cat1.jpg">
      <Filter>资源文件</Filter>
    </Image>
    <Image Include="data\cat2.jpg">
      <Filter>资源文件</Filter>
    </Image>
    <Image Include="data\cat3.jpg">
      <Filter>资源文件</Filter>
    </Image>
    <Image Include="data\cat4.jpg">
      <Filter>资源文件</Filter>
    </Image>
    <Image Include="data\cat5.jpg">
      <Filter>资源文件</Filter>
    </Image>
    <Image Include="data\cat6.jpg">
      <Filter>资源文件</Filter>
    </Image>
    <Image Include="data\lena.jpg">
      <Filter>资源文件</Filter>
    </Image>
    <Image Include="data\5.png">
      <Filter>资源文件</Filter>
    </Image>
    <Image Include="data\6.png">
      <Filter>资源文件</Filter>
    </Image>
    <Image Include="data\7.png">
      <Filter>资源文件</Filter>
    </Image>
    <Image Include="data\8.png">
      <Filter>资源文件</Filter>
    </Image>
    <Image Include="data\9.png">
      <Filter>资源文件</Filter>
    </Image>
  </ItemGroup>
</Project>